// !$*UTF8*$!
{
	archiveVersion = 1;
	classes = {
	};
	objectVersion = 48;
	objects = {

/* Begin PBXBuildFile section */
		7932D9DC20687DE0002E2201 /* Constants.swift in Sources */ = {isa = PBXBuildFile; fileRef = 7932D9DB20687DE0002E2201 /* Constants.swift */; };
		794FFC492066EFBE00C39F64 /* WeatherDetail.swift in Sources */ = {isa = PBXBuildFile; fileRef = 794FFC482066EFBE00C39F64 /* WeatherDetail.swift */; };
		795A98352071BA300038D759 /* DayWeatherCell.swift in Sources */ = {isa = PBXBuildFile; fileRef = 795A98342071BA300038D759 /* DayWeatherCell.swift */; };
		795A98372071CD110038D759 /* TimeInterval+format.swift in Sources */ = {isa = PBXBuildFile; fileRef = 795A98362071CD110038D759 /* TimeInterval+format.swift */; };
		7973CEE62058730200F733D0 /* AppDelegate.swift in Sources */ = {isa = PBXBuildFile; fileRef = 7973CEE52058730200F733D0 /* AppDelegate.swift */; };
		7973CEEB2058730200F733D0 /* Main.storyboard in Resources */ = {isa = PBXBuildFile; fileRef = 7973CEE92058730200F733D0 /* Main.storyboard */; };
		7973CEED2058730200F733D0 /* Assets.xcassets in Resources */ = {isa = PBXBuildFile; fileRef = 7973CEEC2058730200F733D0 /* Assets.xcassets */; };
		7973CEF02058730200F733D0 /* LaunchScreen.storyboard in Resources */ = {isa = PBXBuildFile; fileRef = 7973CEEE2058730200F733D0 /* LaunchScreen.storyboard */; };
		7973CEF82058736700F733D0 /* DetailVC.swift in Sources */ = {isa = PBXBuildFile; fileRef = 7973CEF72058736700F733D0 /* DetailVC.swift */; };
		7973CEFA205879DE00F733D0 /* ListVC.swift in Sources */ = {isa = PBXBuildFile; fileRef = 7973CEF9205879DE00F733D0 /* ListVC.swift */; };
		7973CEFC20587B7100F733D0 /* PageVC.swift in Sources */ = {isa = PBXBuildFile; fileRef = 7973CEFB20587B7100F733D0 /* PageVC.swift */; };
		79BA5AE9207575C900B13B5D /* WeatherLocation.swift in Sources */ = {isa = PBXBuildFile; fileRef = 79BA5AE8207575C900B13B5D /* WeatherLocation.swift */; };
		79D612D32073E073000B9126 /* HourlyWeatherCell.swift in Sources */ = {isa = PBXBuildFile; fileRef = 79D612D22073E073000B9126 /* HourlyWeatherCell.swift */; };
		DD788635F74808E91D0DDBAF /* Pods_WeatherGift.framework in Frameworks */ = {isa = PBXBuildFile; fileRef = 3F3FB0A8CE33FB03B729CD9D /* Pods_WeatherGift.framework */; };
/* End PBXBuildFile section */

/* Begin PBXFileReference section */
		2FC26F1FD05B61D281490B1A /* Pods-WeatherGift.debug.xcconfig */ = {isa = PBXFileReference; includeInIndex = 1; lastKnownFileType = text.xcconfig; name = "Pods-WeatherGift.debug.xcconfig"; path = "Pods/Target Support Files/Pods-WeatherGift/Pods-WeatherGift.debug.xcconfig"; sourceTree = "<group>"; };
		3F3FB0A8CE33FB03B729CD9D /* Pods_WeatherGift.framework */ = {isa = PBXFileReference; explicitFileType = wrapper.framework; includeInIndex = 0; path = Pods_WeatherGift.framework; sourceTree = BUILT_PRODUCTS_DIR; };
		686449E901348CBF05F2743A /* Pods-WeatherGift.release.xcconfig */ = {isa = PBXFileReference; includeInIndex = 1; lastKnownFileType = text.xcconfig; name = "Pods-WeatherGift.release.xcconfig"; path = "Pods/Target Support Files/Pods-WeatherGift/Pods-WeatherGift.release.xcconfig"; sourceTree = "<group>"; };
		7932D9DB20687DE0002E2201 /* Constants.swift */ = {isa = PBXFileReference; lastKnownFileType = sourcecode.swift; path = Constants.swift; sourceTree = "<group>"; };
		794FFC482066EFBE00C39F64 /* WeatherDetail.swift */ = {isa = PBXFileReference; lastKnownFileType = sourcecode.swift; path = WeatherDetail.swift; sourceTree = "<group>"; };
		795A98342071BA300038D759 /* DayWeatherCell.swift */ = {isa = PBXFileReference; lastKnownFileType = sourcecode.swift; path = DayWeatherCell.swift; sourceTree = "<group>"; };
		795A98362071CD110038D759 /* TimeInterval+format.swift */ = {isa = PBXFileReference; lastKnownFileType = sourcecode.swift; path = "TimeInterval+format.swift"; sourceTree = "<group>"; };
		7973CEE22058730200F733D0 /* WeatherGift.app */ = {isa = PBXFileReference; explicitFileType = wrapper.application; includeInIndex = 0; path = WeatherGift.app; sourceTree = BUILT_PRODUCTS_DIR; };
		7973CEE52058730200F733D0 /* AppDelegate.swift */ = {isa = PBXFileReference; lastKnownFileType = sourcecode.swift; path = AppDelegate.swift; sourceTree = "<group>"; };
		7973CEEA2058730200F733D0 /* Base */ = {isa = PBXFileReference; lastKnownFileType = file.storyboard; name = Base; path = Base.lproj/Main.storyboard; sourceTree = "<group>"; };
		7973CEEC2058730200F733D0 /* Assets.xcassets */ = {isa = PBXFileReference; lastKnownFileType = folder.assetcatalog; path = Assets.xcassets; sourceTree = "<group>"; };
		7973CEEF2058730200F733D0 /* Base */ = {isa = PBXFileReference; lastKnownFileType = file.storyboard; name = Base; path = Base.lproj/LaunchScreen.storyboard; sourceTree = "<group>"; };
		7973CEF12058730200F733D0 /* Info.plist */ = {isa = PBXFileReference; lastKnownFileType = text.plist.xml; path = Info.plist; sourceTree = "<group>"; };
		7973CEF72058736700F733D0 /* DetailVC.swift */ = {isa = PBXFileReference; lastKnownFileType = sourcecode.swift; path = DetailVC.swift; sourceTree = "<group>"; };
		7973CEF9205879DE00F733D0 /* ListVC.swift */ = {isa = PBXFileReference; lastKnownFileType = sourcecode.swift; path = ListVC.swift; sourceTree = "<group>"; };
		7973CEFB20587B7100F733D0 /* PageVC.swift */ = {isa = PBXFileReference; lastKnownFileType = sourcecode.swift; path = PageVC.swift; sourceTree = "<group>"; };
		79BA5AE8207575C900B13B5D /* WeatherLocation.swift */ = {isa = PBXFileReference; lastKnownFileType = sourcecode.swift; path = WeatherLocation.swift; sourceTree = "<group>"; };
		79D612D22073E073000B9126 /* HourlyWeatherCell.swift */ = {isa = PBXFileReference; lastKnownFileType = sourcecode.swift; path = HourlyWeatherCell.swift; sourceTree = "<group>"; };
/* End PBXFileReference section */

/* Begin PBXFrameworksBuildPhase section */
		7973CEDF2058730200F733D0 /* Frameworks */ = {
			isa = PBXFrameworksBuildPhase;
			buildActionMask = 2147483647;
			files = (
				DD788635F74808E91D0DDBAF /* Pods_WeatherGift.framework in Frameworks */,
			);
			runOnlyForDeploymentPostprocessing = 0;
		};
/* End PBXFrameworksBuildPhase section */

/* Begin PBXGroup section */
		567CD925C40F7E00D9FAE544 /* Frameworks */ = {
			isa = PBXGroup;
			children = (
				3F3FB0A8CE33FB03B729CD9D /* Pods_WeatherGift.framework */,
			);
			name = Frameworks;
			sourceTree = "<group>";
		};
		7973CED92058730200F733D0 = {
			isa = PBXGroup;
			children = (
				7973CEE42058730200F733D0 /* WeatherGift */,
				7973CEE32058730200F733D0 /* Products */,
				D2386E65183C8E52ED3FC14F /* Pods */,
				567CD925C40F7E00D9FAE544 /* Frameworks */,
			);
			sourceTree = "<group>";
		};
		7973CEE32058730200F733D0 /* Products */ = {
			isa = PBXGroup;
			children = (
				7973CEE22058730200F733D0 /* WeatherGift.app */,
			);
			name = Products;
			sourceTree = "<group>";
		};
		7973CEE42058730200F733D0 /* WeatherGift */ = {
			isa = PBXGroup;
			children = (
				7973CEE52058730200F733D0 /* AppDelegate.swift */,
				79BA5AE8207575C900B13B5D /* WeatherLocation.swift */,
				794FFC482066EFBE00C39F64 /* WeatherDetail.swift */,
				7973CEFB20587B7100F733D0 /* PageVC.swift */,
				7973CEF9205879DE00F733D0 /* ListVC.swift */,
				7973CEF72058736700F733D0 /* DetailVC.swift */,
				795A98342071BA300038D759 /* DayWeatherCell.swift */,
				79D612D22073E073000B9126 /* HourlyWeatherCell.swift */,
				795A98362071CD110038D759 /* TimeInterval+format.swift */,
				7932D9DB20687DE0002E2201 /* Constants.swift */,
				7973CEE92058730200F733D0 /* Main.storyboard */,
				7973CEEC2058730200F733D0 /* Assets.xcassets */,
				7973CEEE2058730200F733D0 /* LaunchScreen.storyboard */,
				7973CEF12058730200F733D0 /* Info.plist */,
			);
			path = WeatherGift;
			sourceTree = "<group>";
		};
		D2386E65183C8E52ED3FC14F /* Pods */ = {
			isa = PBXGroup;
			children = (
				2FC26F1FD05B61D281490B1A /* Pods-WeatherGift.debug.xcconfig */,
				686449E901348CBF05F2743A /* Pods-WeatherGift.release.xcconfig */,
			);
			name = Pods;
			sourceTree = "<group>";
		};
/* End PBXGroup section */

/* Begin PBXNativeTarget section */
		7973CEE12058730200F733D0 /* WeatherGift */ = {
			isa = PBXNativeTarget;
			buildConfigurationList = 7973CEF42058730200F733D0 /* Build configuration list for PBXNativeTarget "WeatherGift" */;
			buildPhases = (
				32E557DDF708CF0AE3714EF6 /* [CP] Check Pods Manifest.lock */,
				7973CEDE2058730200F733D0 /* Sources */,
				7973CEDF2058730200F733D0 /* Frameworks */,
				7973CEE02058730200F733D0 /* Resources */,
				6138303830B3D5C7586E2FAF /* [CP] Embed Pods Frameworks */,
				64E3B7742F8DA53AC42D5214 /* [CP] Copy Pods Resources */,
			);
			buildRules = (
			);
			dependencies = (
			);
			name = WeatherGift;
			productName = WeatherGift;
			productReference = 7973CEE22058730200F733D0 /* WeatherGift.app */;
			productType = "com.apple.product-type.application";
		};
/* End PBXNativeTarget section */

/* Begin PBXProject section */
		7973CEDA2058730200F733D0 /* Project object */ = {
			isa = PBXProject;
			attributes = {
				LastSwiftUpdateCheck = 0920;
				LastUpgradeCheck = 0930;
				ORGANIZATIONNAME = "Yehoon Joo";
				TargetAttributes = {
					7973CEE12058730200F733D0 = {
						CreatedOnToolsVersion = 9.2;
						ProvisioningStyle = Automatic;
					};
				};
			};
			buildConfigurationList = 7973CEDD2058730200F733D0 /* Build configuration list for PBXProject "WeatherGift" */;
			compatibilityVersion = "Xcode 8.0";
			developmentRegion = en;
			hasScannedForEncodings = 0;
			knownRegions = (
				en,
				Base,
			);
			mainGroup = 7973CED92058730200F733D0;
			productRefGroup = 7973CEE32058730200F733D0 /* Products */;
			projectDirPath = "";
			projectRoot = "";
			targets = (
				7973CEE12058730200F733D0 /* WeatherGift */,
			);
		};
/* End PBXProject section */

/* Begin PBXResourcesBuildPhase section */
		7973CEE02058730200F733D0 /* Resources */ = {
			isa = PBXResourcesBuildPhase;
			buildActionMask = 2147483647;
			files = (
				7973CEF02058730200F733D0 /* LaunchScreen.storyboard in Resources */,
				7973CEED2058730200F733D0 /* Assets.xcassets in Resources */,
				7973CEEB2058730200F733D0 /* Main.storyboard in Resources */,
			);
			runOnlyForDeploymentPostprocessing = 0;
		};
/* End PBXResourcesBuildPhase section */

/* Begin PBXShellScriptBuildPhase section */
		32E557DDF708CF0AE3714EF6 /* [CP] Check Pods Manifest.lock */ = {
			isa = PBXShellScriptBuildPhase;
			buildActionMask = 2147483647;
			files = (
			);
			inputPaths = (
				"${PODS_PODFILE_DIR_PATH}/Podfile.lock",
				"${PODS_ROOT}/Manifest.lock",
			);
			name = "[CP] Check Pods Manifest.lock";
			outputPaths = (
				"$(DERIVED_FILE_DIR)/Pods-WeatherGift-checkManifestLockResult.txt",
			);
			runOnlyForDeploymentPostprocessing = 0;
			shellPath = /bin/sh;
			shellScript = "diff \"${PODS_PODFILE_DIR_PATH}/Podfile.lock\" \"${PODS_ROOT}/Manifest.lock\" > /dev/null\nif [ $? != 0 ] ; then\n    # print error to STDERR\n    echo \"error: The sandbox is not in sync with the Podfile.lock. Run 'pod install' or update your CocoaPods installation.\" >&2\n    exit 1\nfi\n# This output is used by Xcode 'outputs' to avoid re-running this script phase.\necho \"SUCCESS\" > \"${SCRIPT_OUTPUT_FILE_0}\"\n";
			showEnvVarsInLog = 0;
		};
		6138303830B3D5C7586E2FAF /* [CP] Embed Pods Frameworks */ = {
			isa = PBXShellScriptBuildPhase;
			buildActionMask = 2147483647;
			files = (
			);
			inputPaths = (
				"${SRCROOT}/Pods/Target Support Files/Pods-WeatherGift/Pods-WeatherGift-frameworks.sh",
				"${BUILT_PRODUCTS_DIR}/Alamofire/Alamofire.framework",
				"${BUILT_PRODUCTS_DIR}/SwiftyJSON/SwiftyJSON.framework",
			);
			name = "[CP] Embed Pods Frameworks";
			outputPaths = (
				"${TARGET_BUILD_DIR}/${FRAMEWORKS_FOLDER_PATH}/Alamofire.framework",
				"${TARGET_BUILD_DIR}/${FRAMEWORKS_FOLDER_PATH}/SwiftyJSON.framework",
			);
			runOnlyForDeploymentPostprocessing = 0;
			shellPath = /bin/sh;
			shellScript = "\"${SRCROOT}/Pods/Target Support Files/Pods-WeatherGift/Pods-WeatherGift-frameworks.sh\"\n";
			showEnvVarsInLog = 0;
		};
		64E3B7742F8DA53AC42D5214 /* [CP] Copy Pods Resources */ = {
			isa = PBXShellScriptBuildPhase;
			buildActionMask = 2147483647;
			files = (
			);
			inputPaths = (
				"${SRCROOT}/Pods/Target Support Files/Pods-WeatherGift/Pods-WeatherGift-resources.sh",
				"${PODS_ROOT}/GooglePlaces/Frameworks/GooglePlaces.framework/Resources/GooglePlaces.bundle",
			);
			name = "[CP] Copy Pods Resources";
			outputPaths = (
				"${TARGET_BUILD_DIR}/${UNLOCALIZED_RESOURCES_FOLDER_PATH}/GooglePlaces.bundle",
			);
			runOnlyForDeploymentPostprocessing = 0;
			shellPath = /bin/sh;
			shellScript = "\"${SRCROOT}/Pods/Target Support Files/Pods-WeatherGift/Pods-WeatherGift-resources.sh\"\n";
			showEnvVarsInLog = 0;
		};
/* End PBXShellScriptBuildPhase section */

/* Begin PBXSourcesBuildPhase section */
		7973CEDE2058730200F733D0 /* Sources */ = {
			isa = PBXSourcesBuildPhase;
			buildActionMask = 2147483647;
			files = (
				795A98352071BA300038D759 /* DayWeatherCell.swift in Sources */,
				79D612D32073E073000B9126 /* HourlyWeatherCell.swift in Sources */,
				794FFC492066EFBE00C39F64 /* WeatherDetail.swift in Sources */,
				7973CEFA205879DE00F733D0 /* ListVC.swift in Sources */,
				7973CEFC20587B7100F733D0 /* PageVC.swift in Sources */,
				79BA5AE9207575C900B13B5D /* WeatherLocation.swift in Sources */,
				795A98372071CD110038D759 /* TimeInterval+format.swift in Sources */,
				7973CEE62058730200F733D0 /* AppDelegate.swift in Sources */,
				7973CEF82058736700F733D0 /* DetailVC.swift in Sources */,
				7932D9DC20687DE0002E2201 /* Constants.swift in Sources */,
			);
			runOnlyForDeploymentPostprocessing = 0;
		};
/* End PBXSourcesBuildPhase section */

/* Begin PBXVariantGroup section */
		7973CEE92058730200F733D0 /* Main.storyboard */ = {
			isa = PBXVariantGroup;
			children = (
				7973CEEA2058730200F733D0 /* Base */,
			);
			name = Main.storyboard;
			sourceTree = "<group>";
		};
		7973CEEE2058730200F733D0 /* LaunchScreen.storyboard */ = {
			isa = PBXVariantGroup;
			children = (
				7973CEEF2058730200F733D0 /* Base */,
			);
			name = LaunchScreen.storyboard;
			sourceTree = "<group>";
		};
/* End PBXVariantGroup section */

/* Begin XCBuildConfiguration section */
		7973CEF22058730200F733D0 /* Debug */ = {
			isa = XCBuildConfiguration;
			buildSettings = {
				ALWAYS_SEARCH_USER_PATHS = NO;
				CLANG_ANALYZER_NONNULL = YES;
				CLANG_ANALYZER_NUMBER_OBJECT_CONVERSION = YES_AGGRESSIVE;
				CLANG_CXX_LANGUAGE_STANDARD = "gnu++14";
				CLANG_CXX_LIBRARY = "libc++";
				CLANG_ENABLE_MODULES = YES;
				CLANG_ENABLE_OBJC_ARC = YES;
				CLANG_WARN_BLOCK_CAPTURE_AUTORELEASING = YES;
				CLANG_WARN_BOOL_CONVERSION = YES;
				CLANG_WARN_COMMA = YES;
				CLANG_WARN_CONSTANT_CONVERSION = YES;
				CLANG_WARN_DEPRECATED_OBJC_IMPLEMENTATIONS = YES;
				CLANG_WARN_DIRECT_OBJC_ISA_USAGE = YES_ERROR;
				CLANG_WARN_DOCUMENTATION_COMMENTS = YES;
				CLANG_WARN_EMPTY_BODY = YES;
				CLANG_WARN_ENUM_CONVERSION = YES;
				CLANG_WARN_INFINITE_RECURSION = YES;
				CLANG_WARN_INT_CONVERSION = YES;
				CLANG_WARN_NON_LITERAL_NULL_CONVERSION = YES;
				CLANG_WARN_OBJC_IMPLICIT_RETAIN_SELF = YES;
				CLANG_WARN_OBJC_LITERAL_CONVERSION = YES;
				CLANG_WARN_OBJC_ROOT_CLASS = YES_ERROR;
				CLANG_WARN_RANGE_LOOP_ANALYSIS = YES;
				CLANG_WARN_STRICT_PROTOTYPES = YES;
				CLANG_WARN_SUSPICIOUS_MOVE = YES;
				CLANG_WARN_UNGUARDED_AVAILABILITY = YES_AGGRESSIVE;
				CLANG_WARN_UNREACHABLE_CODE = YES;
				CLANG_WARN__DUPLICATE_METHOD_MATCH = YES;
				CODE_SIGN_IDENTITY = "iPhone Developer";
				COPY_PHASE_STRIP = NO;
				DEBUG_INFORMATION_FORMAT = dwarf;
				ENABLE_STRICT_OBJC_MSGSEND = YES;
				ENABLE_TESTABILITY = YES;
				GCC_C_LANGUAGE_STANDARD = gnu11;
				GCC_DYNAMIC_NO_PIC = NO;
				GCC_NO_COMMON_BLOCKS = YES;
				GCC_OPTIMIZATION_LEVEL = 0;
				GCC_PREPROCESSOR_DEFINITIONS = (
					"DEBUG=1",
					"$(inherited)",
				);
				GCC_WARN_64_TO_32_BIT_CONVERSION = YES;
				GCC_WARN_ABOUT_RETURN_TYPE = YES_ERROR;
				GCC_WARN_UNDECLARED_SELECTOR = YES;
				GCC_WARN_UNINITIALIZED_AUTOS = YES_AGGRESSIVE;
				GCC_WARN_UNUSED_FUNCTION = YES;
				GCC_WARN_UNUSED_VARIABLE = YES;
				IPHONEOS_DEPLOYMENT_TARGET = 11.2;
				MTL_ENABLE_DEBUG_INFO = YES;
				ONLY_ACTIVE_ARCH = YES;
				SDKROOT = iphoneos;
				SWIFT_ACTIVE_COMPILATION_CONDITIONS = DEBUG;
				SWIFT_OPTIMIZATION_LEVEL = "-Onone";
			};
			name = Debug;
		};
		7973CEF32058730200F733D0 /* Release */ = {
			isa = XCBuildConfiguration;
			buildSettings = {
				ALWAYS_SEARCH_USER_PATHS = NO;
				CLANG_ANALYZER_NONNULL = YES;
				CLANG_ANALYZER_NUMBER_OBJECT_CONVERSION = YES_AGGRESSIVE;
				CLANG_CXX_LANGUAGE_STANDARD = "gnu++14";
				CLANG_CXX_LIBRARY = "libc++";
				CLANG_ENABLE_MODULES = YES;
				CLANG_ENABLE_OBJC_ARC = YES;
				CLANG_WARN_BLOCK_CAPTURE_AUTORELEASING = YES;
				CLANG_WARN_BOOL_CONVERSION = YES;
				CLANG_WARN_COMMA = YES;
				CLANG_WARN_CONSTANT_CONVERSION = YES;
				CLANG_WARN_DEPRECATED_OBJC_IMPLEMENTATIONS = YES;
				CLANG_WARN_DIRECT_OBJC_ISA_USAGE = YES_ERROR;
				CLANG_WARN_DOCUMENTATION_COMMENTS = YES;
				CLANG_WARN_EMPTY_BODY = YES;
				CLANG_WARN_ENUM_CONVERSION = YES;
				CLANG_WARN_INFINITE_RECURSION = YES;
				CLANG_WARN_INT_CONVERSION = YES;
				CLANG_WARN_NON_LITERAL_NULL_CONVERSION = YES;
				CLANG_WARN_OBJC_IMPLICIT_RETAIN_SELF = YES;
				CLANG_WARN_OBJC_LITERAL_CONVERSION = YES;
				CLANG_WARN_OBJC_ROOT_CLASS = YES_ERROR;
				CLANG_WARN_RANGE_LOOP_ANALYSIS = YES;
				CLANG_WARN_STRICT_PROTOTYPES = YES;
				CLANG_WARN_SUSPICIOUS_MOVE = YES;
				CLANG_WARN_UNGUARDED_AVAILABILITY = YES_AGGRESSIVE;
				CLANG_WARN_UNREACHABLE_CODE = YES;
				CLANG_WARN__DUPLICATE_METHOD_MATCH = YES;
				CODE_SIGN_IDENTITY = "iPhone Developer";
				COPY_PHASE_STRIP = NO;
				DEBUG_INFORMATION_FORMAT = "dwarf-with-dsym";
				ENABLE_NS_ASSERTIONS = NO;
				ENABLE_STRICT_OBJC_MSGSEND = YES;
				GCC_C_LANGUAGE_STANDARD = gnu11;
				GCC_NO_COMMON_BLOCKS = YES;
				GCC_WARN_64_TO_32_BIT_CONVERSION = YES;
				GCC_WARN_ABOUT_RETURN_TYPE = YES_ERROR;
				GCC_WARN_UNDECLARED_SELECTOR = YES;
				GCC_WARN_UNINITIALIZED_AUTOS = YES_AGGRESSIVE;
				GCC_WARN_UNUSED_FUNCTION = YES;
				GCC_WARN_UNUSED_VARIABLE = YES;
				IPHONEOS_DEPLOYMENT_TARGET = 11.2;
				MTL_ENABLE_DEBUG_INFO = NO;
				SDKROOT = iphoneos;
				SWIFT_OPTIMIZATION_LEVEL = "-Owholemodule";
				VALIDATE_PRODUCT = YES;
			};
			name = Release;
		};
		7973CEF52058730200F733D0 /* Debug */ = {
			isa = XCBuildConfiguration;
			baseConfigurationReference = 2FC26F1FD05B61D281490B1A /* Pods-WeatherGift.debug.xcconfig */;
			buildSettings = {
				ASSETCATALOG_COMPILER_APPICON_NAME = AppIcon;
				CODE_SIGN_STYLE = Automatic;
				DEVELOPMENT_TEAM = 8577ST5UL9;
				INFOPLIST_FILE = WeatherGift/Info.plist;
				IPHONEOS_DEPLOYMENT_TARGET = 11.2;
				LD_RUNPATH_SEARCH_PATHS = "$(inherited) @executable_path/Frameworks";
				PRODUCT_BUNDLE_IDENTIFIER = com.joo.WeatherGift;
				PRODUCT_NAME = "$(TARGET_NAME)";
				SWIFT_VERSION = 4.0;
				TARGETED_DEVICE_FAMILY = "1,2";
			};
			name = Debug;
		};
		7973CEF62058730200F733D0 /* Release */ = {
			isa = XCBuildConfiguration;
			baseConfigurationReference = 686449E901348CBF05F2743A /* Pods-WeatherGift.release.xcconfig */;
			buildSettings = {
				ASSETCATALOG_COMPILER_APPICON_NAME = AppIcon;
				CODE_SIGN_STYLE = Automatic;
				DEVELOPMENT_TEAM = 8577ST5UL9;
				INFOPLIST_FILE = WeatherGift/Info.plist;
				IPHONEOS_DEPLOYMENT_TARGET = 11.2;
				LD_RUNPATH_SEARCH_PATHS = "$(inherited) @executable_path/Frameworks";
				PRODUCT_BUNDLE_IDENTIFIER = com.joo.WeatherGift;
				PRODUCT_NAME = "$(TARGET_NAME)";
				SWIFT_VERSION = 4.0;
				TARGETED_DEVICE_FAMILY = "1,2";
			};
			name = Release;
		};
/* End XCBuildConfiguration section */

/* Begin XCConfigurationList section */
		7973CEDD2058730200F733D0 /* Build configuration list for PBXProject "WeatherGift" */ = {
			isa = XCConfigurationList;
			buildConfigurations = (
				7973CEF22058730200F733D0 /* Debug */,
				7973CEF32058730200F733D0 /* Release */,
			);
			defaultConfigurationIsVisible = 0;
			defaultConfigurationName = Release;
		};
		7973CEF42058730200F733D0 /* Build configuration list for PBXNativeTarget "WeatherGift" */ = {
			isa = XCConfigurationList;
			buildConfigurations = (
				7973CEF52058730200F733D0 /* Debug */,
				7973CEF62058730200F733D0 /* Release */,
			);
			defaultConfigurationIsVisible = 0;
			defaultConfigurationName = Release;
		};
/* End XCConfigurationList section */
	};
	rootObject = 7973CEDA2058730200F733D0 /* Project object */;
}
